<?xml version="1.0" encoding="utf-8"?>
<Project ToolsVersion="16.0" xmlns="http://schemas.microsoft.com/developer/msbuild/2003">
  <ItemGroup>
    <CustomBuild Include="E:\4.Coding\libzmq-master\build-vc\CMakeFiles\1d269cdb5a62f3954b249a85eeabba9a\clang-format-check.rule">
      <Filter>CMake Rules</Filter>
    </CustomBuild>
    <CustomBuild Include="E:\4.Coding\libzmq-master\CMakeLists.txt" />
  </ItemGroup>
  <ItemGroup>
    <None Include="E:\4.Coding\libzmq-master\build-vc\CMakeFiles\clang-format-check" />
  </ItemGroup>
  <ItemGroup>
    <Filter Include="CMake Rules">
      <UniqueIdentifier>{191DCC99-D0BF-3BF5-914A-1E4A9EE5FC0B}</UniqueIdentifier>
    </Filter>
  </ItemGroup>
</Project>
