<?xml version="1.0" encoding="utf-8"?>
<Project ToolsVersion="16.0" xmlns="http://schemas.microsoft.com/developer/msbuild/2003">
  <ItemGroup>
    <ClCompile Include="E:\4.Coding\libzmq-master\external\sha1\sha1.c">
      <Filter>Source Files</Filter>
    </ClCompile>
    <ClCompile Include="E:\4.Coding\libzmq-master\src\tweetnacl.c">
      <Filter>Source Files</Filter>
    </ClCompile>
    <ClCompile Include="E:\4.Coding\libzmq-master\external\wepoll\wepoll.c">
      <Filter>Source Files</Filter>
    </ClCompile>
    <ClCompile Include="E:\4.Coding\libzmq-master\src\precompiled.cpp">
      <Filter>Source Files</Filter>
    </ClCompile>
    <ClCompile Include="E:\4.Coding\libzmq-master\src\address.cpp">
      <Filter>Source Files</Filter>
    </ClCompile>
    <ClCompile Include="E:\4.Coding\libzmq-master\src\channel.cpp">
      <Filter>Source Files</Filter>
    </ClCompile>
    <ClCompile Include="E:\4.Coding\libzmq-master\src\client.cpp">
      <Filter>Source Files</Filter>
    </ClCompile>
    <ClCompile Include="E:\4.Coding\libzmq-master\src\clock.cpp">
      <Filter>Source Files</Filter>
    </ClCompile>
    <ClCompile Include="E:\4.Coding\libzmq-master\src\ctx.cpp">
      <Filter>Source Files</Filter>
    </ClCompile>
    <ClCompile Include="E:\4.Coding\libzmq-master\src\curve_mechanism_base.cpp">
      <Filter>Source Files</Filter>
    </ClCompile>
    <ClCompile Include="E:\4.Coding\libzmq-master\src\curve_client.cpp">
      <Filter>Source Files</Filter>
    </ClCompile>
    <ClCompile Include="E:\4.Coding\libzmq-master\src\curve_server.cpp">
      <Filter>Source Files</Filter>
    </ClCompile>
    <ClCompile Include="E:\4.Coding\libzmq-master\src\dealer.cpp">
      <Filter>Source Files</Filter>
    </ClCompile>
    <ClCompile Include="E:\4.Coding\libzmq-master\src\devpoll.cpp">
      <Filter>Source Files</Filter>
    </ClCompile>
    <ClCompile Include="E:\4.Coding\libzmq-master\src\dgram.cpp">
      <Filter>Source Files</Filter>
    </ClCompile>
    <ClCompile Include="E:\4.Coding\libzmq-master\src\dist.cpp">
      <Filter>Source Files</Filter>
    </ClCompile>
    <ClCompile Include="E:\4.Coding\libzmq-master\src\endpoint.cpp">
      <Filter>Source Files</Filter>
    </ClCompile>
    <ClCompile Include="E:\4.Coding\libzmq-master\src\epoll.cpp">
      <Filter>Source Files</Filter>
    </ClCompile>
    <ClCompile Include="E:\4.Coding\libzmq-master\src\err.cpp">
      <Filter>Source Files</Filter>
    </ClCompile>
    <ClCompile Include="E:\4.Coding\libzmq-master\src\fq.cpp">
      <Filter>Source Files</Filter>
    </ClCompile>
    <ClCompile Include="E:\4.Coding\libzmq-master\src\io_object.cpp">
      <Filter>Source Files</Filter>
    </ClCompile>
    <ClCompile Include="E:\4.Coding\libzmq-master\src\io_thread.cpp">
      <Filter>Source Files</Filter>
    </ClCompile>
    <ClCompile Include="E:\4.Coding\libzmq-master\src\ip.cpp">
      <Filter>Source Files</Filter>
    </ClCompile>
    <ClCompile Include="E:\4.Coding\libzmq-master\src\ipc_address.cpp">
      <Filter>Source Files</Filter>
    </ClCompile>
    <ClCompile Include="E:\4.Coding\libzmq-master\src\ipc_connecter.cpp">
      <Filter>Source Files</Filter>
    </ClCompile>
    <ClCompile Include="E:\4.Coding\libzmq-master\src\ipc_listener.cpp">
      <Filter>Source Files</Filter>
    </ClCompile>
    <ClCompile Include="E:\4.Coding\libzmq-master\src\kqueue.cpp">
      <Filter>Source Files</Filter>
    </ClCompile>
    <ClCompile Include="E:\4.Coding\libzmq-master\src\lb.cpp">
      <Filter>Source Files</Filter>
    </ClCompile>
    <ClCompile Include="E:\4.Coding\libzmq-master\src\mailbox.cpp">
      <Filter>Source Files</Filter>
    </ClCompile>
    <ClCompile Include="E:\4.Coding\libzmq-master\src\mailbox_safe.cpp">
      <Filter>Source Files</Filter>
    </ClCompile>
    <ClCompile Include="E:\4.Coding\libzmq-master\src\mechanism.cpp">
      <Filter>Source Files</Filter>
    </ClCompile>
    <ClCompile Include="E:\4.Coding\libzmq-master\src\mechanism_base.cpp">
      <Filter>Source Files</Filter>
    </ClCompile>
    <ClCompile Include="E:\4.Coding\libzmq-master\src\metadata.cpp">
      <Filter>Source Files</Filter>
    </ClCompile>
    <ClCompile Include="E:\4.Coding\libzmq-master\src\msg.cpp">
      <Filter>Source Files</Filter>
    </ClCompile>
    <ClCompile Include="E:\4.Coding\libzmq-master\src\mtrie.cpp">
      <Filter>Source Files</Filter>
    </ClCompile>
    <ClCompile Include="E:\4.Coding\libzmq-master\src\norm_engine.cpp">
      <Filter>Source Files</Filter>
    </ClCompile>
    <ClCompile Include="E:\4.Coding\libzmq-master\src\object.cpp">
      <Filter>Source Files</Filter>
    </ClCompile>
    <ClCompile Include="E:\4.Coding\libzmq-master\src\options.cpp">
      <Filter>Source Files</Filter>
    </ClCompile>
    <ClCompile Include="E:\4.Coding\libzmq-master\src\own.cpp">
      <Filter>Source Files</Filter>
    </ClCompile>
    <ClCompile Include="E:\4.Coding\libzmq-master\src\null_mechanism.cpp">
      <Filter>Source Files</Filter>
    </ClCompile>
    <ClCompile Include="E:\4.Coding\libzmq-master\src\pair.cpp">
      <Filter>Source Files</Filter>
    </ClCompile>
    <ClCompile Include="E:\4.Coding\libzmq-master\src\peer.cpp">
      <Filter>Source Files</Filter>
    </ClCompile>
    <ClCompile Include="E:\4.Coding\libzmq-master\src\pgm_receiver.cpp">
      <Filter>Source Files</Filter>
    </ClCompile>
    <ClCompile Include="E:\4.Coding\libzmq-master\src\pgm_sender.cpp">
      <Filter>Source Files</Filter>
    </ClCompile>
    <ClCompile Include="E:\4.Coding\libzmq-master\src\pgm_socket.cpp">
      <Filter>Source Files</Filter>
    </ClCompile>
    <ClCompile Include="E:\4.Coding\libzmq-master\src\pipe.cpp">
      <Filter>Source Files</Filter>
    </ClCompile>
    <ClCompile Include="E:\4.Coding\libzmq-master\src\plain_client.cpp">
      <Filter>Source Files</Filter>
    </ClCompile>
    <ClCompile Include="E:\4.Coding\libzmq-master\src\plain_server.cpp">
      <Filter>Source Files</Filter>
    </ClCompile>
    <ClCompile Include="E:\4.Coding\libzmq-master\src\poll.cpp">
      <Filter>Source Files</Filter>
    </ClCompile>
    <ClCompile Include="E:\4.Coding\libzmq-master\src\poller_base.cpp">
      <Filter>Source Files</Filter>
    </ClCompile>
    <ClCompile Include="E:\4.Coding\libzmq-master\src\polling_util.cpp">
      <Filter>Source Files</Filter>
    </ClCompile>
    <ClCompile Include="E:\4.Coding\libzmq-master\src\pollset.cpp">
      <Filter>Source Files</Filter>
    </ClCompile>
    <ClCompile Include="E:\4.Coding\libzmq-master\src\proxy.cpp">
      <Filter>Source Files</Filter>
    </ClCompile>
    <ClCompile Include="E:\4.Coding\libzmq-master\src\pub.cpp">
      <Filter>Source Files</Filter>
    </ClCompile>
    <ClCompile Include="E:\4.Coding\libzmq-master\src\pull.cpp">
      <Filter>Source Files</Filter>
    </ClCompile>
    <ClCompile Include="E:\4.Coding\libzmq-master\src\push.cpp">
      <Filter>Source Files</Filter>
    </ClCompile>
    <ClCompile Include="E:\4.Coding\libzmq-master\src\random.cpp">
      <Filter>Source Files</Filter>
    </ClCompile>
    <ClCompile Include="E:\4.Coding\libzmq-master\src\raw_encoder.cpp">
      <Filter>Source Files</Filter>
    </ClCompile>
    <ClCompile Include="E:\4.Coding\libzmq-master\src\raw_decoder.cpp">
      <Filter>Source Files</Filter>
    </ClCompile>
    <ClCompile Include="E:\4.Coding\libzmq-master\src\raw_engine.cpp">
      <Filter>Source Files</Filter>
    </ClCompile>
    <ClCompile Include="E:\4.Coding\libzmq-master\src\reaper.cpp">
      <Filter>Source Files</Filter>
    </ClCompile>
    <ClCompile Include="E:\4.Coding\libzmq-master\src\rep.cpp">
      <Filter>Source Files</Filter>
    </ClCompile>
    <ClCompile Include="E:\4.Coding\libzmq-master\src\req.cpp">
      <Filter>Source Files</Filter>
    </ClCompile>
    <ClCompile Include="E:\4.Coding\libzmq-master\src\router.cpp">
      <Filter>Source Files</Filter>
    </ClCompile>
    <ClCompile Include="E:\4.Coding\libzmq-master\src\select.cpp">
      <Filter>Source Files</Filter>
    </ClCompile>
    <ClCompile Include="E:\4.Coding\libzmq-master\src\server.cpp">
      <Filter>Source Files</Filter>
    </ClCompile>
    <ClCompile Include="E:\4.Coding\libzmq-master\src\session_base.cpp">
      <Filter>Source Files</Filter>
    </ClCompile>
    <ClCompile Include="E:\4.Coding\libzmq-master\src\signaler.cpp">
      <Filter>Source Files</Filter>
    </ClCompile>
    <ClCompile Include="E:\4.Coding\libzmq-master\src\socket_base.cpp">
      <Filter>Source Files</Filter>
    </ClCompile>
    <ClCompile Include="E:\4.Coding\libzmq-master\src\socks.cpp">
      <Filter>Source Files</Filter>
    </ClCompile>
    <ClCompile Include="E:\4.Coding\libzmq-master\src\socks_connecter.cpp">
      <Filter>Source Files</Filter>
    </ClCompile>
    <ClCompile Include="E:\4.Coding\libzmq-master\src\stream.cpp">
      <Filter>Source Files</Filter>
    </ClCompile>
    <ClCompile Include="E:\4.Coding\libzmq-master\src\stream_engine_base.cpp">
      <Filter>Source Files</Filter>
    </ClCompile>
    <ClCompile Include="E:\4.Coding\libzmq-master\src\sub.cpp">
      <Filter>Source Files</Filter>
    </ClCompile>
    <ClCompile Include="E:\4.Coding\libzmq-master\src\tcp.cpp">
      <Filter>Source Files</Filter>
    </ClCompile>
    <ClCompile Include="E:\4.Coding\libzmq-master\src\tcp_address.cpp">
      <Filter>Source Files</Filter>
    </ClCompile>
    <ClCompile Include="E:\4.Coding\libzmq-master\src\tcp_connecter.cpp">
      <Filter>Source Files</Filter>
    </ClCompile>
    <ClCompile Include="E:\4.Coding\libzmq-master\src\tcp_listener.cpp">
      <Filter>Source Files</Filter>
    </ClCompile>
    <ClCompile Include="E:\4.Coding\libzmq-master\src\thread.cpp">
      <Filter>Source Files</Filter>
    </ClCompile>
    <ClCompile Include="E:\4.Coding\libzmq-master\src\trie.cpp">
      <Filter>Source Files</Filter>
    </ClCompile>
    <ClCompile Include="E:\4.Coding\libzmq-master\src\radix_tree.cpp">
      <Filter>Source Files</Filter>
    </ClCompile>
    <ClCompile Include="E:\4.Coding\libzmq-master\src\v1_decoder.cpp">
      <Filter>Source Files</Filter>
    </ClCompile>
    <ClCompile Include="E:\4.Coding\libzmq-master\src\v1_encoder.cpp">
      <Filter>Source Files</Filter>
    </ClCompile>
    <ClCompile Include="E:\4.Coding\libzmq-master\src\v2_decoder.cpp">
      <Filter>Source Files</Filter>
    </ClCompile>
    <ClCompile Include="E:\4.Coding\libzmq-master\src\v2_encoder.cpp">
      <Filter>Source Files</Filter>
    </ClCompile>
    <ClCompile Include="E:\4.Coding\libzmq-master\src\v3_1_encoder.cpp">
      <Filter>Source Files</Filter>
    </ClCompile>
    <ClCompile Include="E:\4.Coding\libzmq-master\src\xpub.cpp">
      <Filter>Source Files</Filter>
    </ClCompile>
    <ClCompile Include="E:\4.Coding\libzmq-master\src\xsub.cpp">
      <Filter>Source Files</Filter>
    </ClCompile>
    <ClCompile Include="E:\4.Coding\libzmq-master\src\zmq.cpp">
      <Filter>Source Files</Filter>
    </ClCompile>
    <ClCompile Include="E:\4.Coding\libzmq-master\src\zmq_utils.cpp">
      <Filter>Source Files</Filter>
    </ClCompile>
    <ClCompile Include="E:\4.Coding\libzmq-master\src\decoder_allocators.cpp">
      <Filter>Source Files</Filter>
    </ClCompile>
    <ClCompile Include="E:\4.Coding\libzmq-master\src\socket_poller.cpp">
      <Filter>Source Files</Filter>
    </ClCompile>
    <ClCompile Include="E:\4.Coding\libzmq-master\src\timers.cpp">
      <Filter>Source Files</Filter>
    </ClCompile>
    <ClCompile Include="E:\4.Coding\libzmq-master\src\radio.cpp">
      <Filter>Source Files</Filter>
    </ClCompile>
    <ClCompile Include="E:\4.Coding\libzmq-master\src\dish.cpp">
      <Filter>Source Files</Filter>
    </ClCompile>
    <ClCompile Include="E:\4.Coding\libzmq-master\src\udp_engine.cpp">
      <Filter>Source Files</Filter>
    </ClCompile>
    <ClCompile Include="E:\4.Coding\libzmq-master\src\udp_address.cpp">
      <Filter>Source Files</Filter>
    </ClCompile>
    <ClCompile Include="E:\4.Coding\libzmq-master\src\scatter.cpp">
      <Filter>Source Files</Filter>
    </ClCompile>
    <ClCompile Include="E:\4.Coding\libzmq-master\src\gather.cpp">
      <Filter>Source Files</Filter>
    </ClCompile>
    <ClCompile Include="E:\4.Coding\libzmq-master\src\ip_resolver.cpp">
      <Filter>Source Files</Filter>
    </ClCompile>
    <ClCompile Include="E:\4.Coding\libzmq-master\src\zap_client.cpp">
      <Filter>Source Files</Filter>
    </ClCompile>
    <ClCompile Include="E:\4.Coding\libzmq-master\src\zmtp_engine.cpp">
      <Filter>Source Files</Filter>
    </ClCompile>
    <ClCompile Include="E:\4.Coding\libzmq-master\src\stream_connecter_base.cpp">
      <Filter>Source Files</Filter>
    </ClCompile>
    <ClCompile Include="E:\4.Coding\libzmq-master\src\stream_listener_base.cpp">
      <Filter>Source Files</Filter>
    </ClCompile>
  </ItemGroup>
  <ItemGroup>
    <ClInclude Include="E:\4.Coding\libzmq-master\external\sha1\sha1.h">
      <Filter>Header Files</Filter>
    </ClInclude>
    <ClInclude Include="E:\4.Coding\libzmq-master\external\wepoll\wepoll.h">
      <Filter>Header Files</Filter>
    </ClInclude>
    <ClInclude Include="E:\4.Coding\libzmq-master\src\config.hpp">
      <Filter>Header Files</Filter>
    </ClInclude>
    <ClInclude Include="E:\4.Coding\libzmq-master\src\address.hpp">
      <Filter>Header Files</Filter>
    </ClInclude>
    <ClInclude Include="E:\4.Coding\libzmq-master\src\array.hpp">
      <Filter>Header Files</Filter>
    </ClInclude>
    <ClInclude Include="E:\4.Coding\libzmq-master\src\atomic_counter.hpp">
      <Filter>Header Files</Filter>
    </ClInclude>
    <ClInclude Include="E:\4.Coding\libzmq-master\src\atomic_ptr.hpp">
      <Filter>Header Files</Filter>
    </ClInclude>
    <ClInclude Include="E:\4.Coding\libzmq-master\src\blob.hpp">
      <Filter>Header Files</Filter>
    </ClInclude>
    <ClInclude Include="E:\4.Coding\libzmq-master\src\channel.hpp">
      <Filter>Header Files</Filter>
    </ClInclude>
    <ClInclude Include="E:\4.Coding\libzmq-master\src\client.hpp">
      <Filter>Header Files</Filter>
    </ClInclude>
    <ClInclude Include="E:\4.Coding\libzmq-master\src\clock.hpp">
      <Filter>Header Files</Filter>
    </ClInclude>
    <ClInclude Include="E:\4.Coding\libzmq-master\src\command.hpp">
      <Filter>Header Files</Filter>
    </ClInclude>
    <ClInclude Include="E:\4.Coding\libzmq-master\src\compat.hpp">
      <Filter>Header Files</Filter>
    </ClInclude>
    <ClInclude Include="E:\4.Coding\libzmq-master\src\condition_variable.hpp">
      <Filter>Header Files</Filter>
    </ClInclude>
    <ClInclude Include="E:\4.Coding\libzmq-master\src\ctx.hpp">
      <Filter>Header Files</Filter>
    </ClInclude>
    <ClInclude Include="E:\4.Coding\libzmq-master\src\curve_client.hpp">
      <Filter>Header Files</Filter>
    </ClInclude>
    <ClInclude Include="E:\4.Coding\libzmq-master\src\curve_client_tools.hpp">
      <Filter>Header Files</Filter>
    </ClInclude>
    <ClInclude Include="E:\4.Coding\libzmq-master\src\curve_mechanism_base.hpp">
      <Filter>Header Files</Filter>
    </ClInclude>
    <ClInclude Include="E:\4.Coding\libzmq-master\src\curve_server.hpp">
      <Filter>Header Files</Filter>
    </ClInclude>
    <ClInclude Include="E:\4.Coding\libzmq-master\src\dbuffer.hpp">
      <Filter>Header Files</Filter>
    </ClInclude>
    <ClInclude Include="E:\4.Coding\libzmq-master\src\dealer.hpp">
      <Filter>Header Files</Filter>
    </ClInclude>
    <ClInclude Include="E:\4.Coding\libzmq-master\src\decoder.hpp">
      <Filter>Header Files</Filter>
    </ClInclude>
    <ClInclude Include="E:\4.Coding\libzmq-master\src\decoder_allocators.hpp">
      <Filter>Header Files</Filter>
    </ClInclude>
    <ClInclude Include="E:\4.Coding\libzmq-master\src\devpoll.hpp">
      <Filter>Header Files</Filter>
    </ClInclude>
    <ClInclude Include="E:\4.Coding\libzmq-master\src\dgram.hpp">
      <Filter>Header Files</Filter>
    </ClInclude>
    <ClInclude Include="E:\4.Coding\libzmq-master\src\dish.hpp">
      <Filter>Header Files</Filter>
    </ClInclude>
    <ClInclude Include="E:\4.Coding\libzmq-master\src\dist.hpp">
      <Filter>Header Files</Filter>
    </ClInclude>
    <ClInclude Include="E:\4.Coding\libzmq-master\src\encoder.hpp">
      <Filter>Header Files</Filter>
    </ClInclude>
    <ClInclude Include="E:\4.Coding\libzmq-master\src\endpoint.hpp">
      <Filter>Header Files</Filter>
    </ClInclude>
    <ClInclude Include="E:\4.Coding\libzmq-master\src\epoll.hpp">
      <Filter>Header Files</Filter>
    </ClInclude>
    <ClInclude Include="E:\4.Coding\libzmq-master\src\err.hpp">
      <Filter>Header Files</Filter>
    </ClInclude>
    <ClInclude Include="E:\4.Coding\libzmq-master\src\fd.hpp">
      <Filter>Header Files</Filter>
    </ClInclude>
    <ClInclude Include="E:\4.Coding\libzmq-master\src\fq.hpp">
      <Filter>Header Files</Filter>
    </ClInclude>
    <ClInclude Include="E:\4.Coding\libzmq-master\src\gather.hpp">
      <Filter>Header Files</Filter>
    </ClInclude>
    <ClInclude Include="E:\4.Coding\libzmq-master\src\generic_mtrie.hpp">
      <Filter>Header Files</Filter>
    </ClInclude>
    <ClInclude Include="E:\4.Coding\libzmq-master\src\generic_mtrie_impl.hpp">
      <Filter>Header Files</Filter>
    </ClInclude>
    <ClInclude Include="E:\4.Coding\libzmq-master\src\gssapi_client.hpp">
      <Filter>Header Files</Filter>
    </ClInclude>
    <ClInclude Include="E:\4.Coding\libzmq-master\src\gssapi_mechanism_base.hpp">
      <Filter>Header Files</Filter>
    </ClInclude>
    <ClInclude Include="E:\4.Coding\libzmq-master\src\gssapi_server.hpp">
      <Filter>Header Files</Filter>
    </ClInclude>
    <ClInclude Include="E:\4.Coding\libzmq-master\src\i_decoder.hpp">
      <Filter>Header Files</Filter>
    </ClInclude>
    <ClInclude Include="E:\4.Coding\libzmq-master\src\i_encoder.hpp">
      <Filter>Header Files</Filter>
    </ClInclude>
    <ClInclude Include="E:\4.Coding\libzmq-master\src\i_engine.hpp">
      <Filter>Header Files</Filter>
    </ClInclude>
    <ClInclude Include="E:\4.Coding\libzmq-master\src\i_mailbox.hpp">
      <Filter>Header Files</Filter>
    </ClInclude>
    <ClInclude Include="E:\4.Coding\libzmq-master\src\i_poll_events.hpp">
      <Filter>Header Files</Filter>
    </ClInclude>
    <ClInclude Include="E:\4.Coding\libzmq-master\src\io_object.hpp">
      <Filter>Header Files</Filter>
    </ClInclude>
    <ClInclude Include="E:\4.Coding\libzmq-master\src\io_thread.hpp">
      <Filter>Header Files</Filter>
    </ClInclude>
    <ClInclude Include="E:\4.Coding\libzmq-master\src\ip.hpp">
      <Filter>Header Files</Filter>
    </ClInclude>
    <ClInclude Include="E:\4.Coding\libzmq-master\src\ipc_address.hpp">
      <Filter>Header Files</Filter>
    </ClInclude>
    <ClInclude Include="E:\4.Coding\libzmq-master\src\ipc_connecter.hpp">
      <Filter>Header Files</Filter>
    </ClInclude>
    <ClInclude Include="E:\4.Coding\libzmq-master\src\ipc_listener.hpp">
      <Filter>Header Files</Filter>
    </ClInclude>
    <ClInclude Include="E:\4.Coding\libzmq-master\src\kqueue.hpp">
      <Filter>Header Files</Filter>
    </ClInclude>
    <ClInclude Include="E:\4.Coding\libzmq-master\src\lb.hpp">
      <Filter>Header Files</Filter>
    </ClInclude>
    <ClInclude Include="E:\4.Coding\libzmq-master\src\likely.hpp">
      <Filter>Header Files</Filter>
    </ClInclude>
    <ClInclude Include="E:\4.Coding\libzmq-master\src\macros.hpp">
      <Filter>Header Files</Filter>
    </ClInclude>
    <ClInclude Include="E:\4.Coding\libzmq-master\src\mailbox.hpp">
      <Filter>Header Files</Filter>
    </ClInclude>
    <ClInclude Include="E:\4.Coding\libzmq-master\src\mailbox_safe.hpp">
      <Filter>Header Files</Filter>
    </ClInclude>
    <ClInclude Include="E:\4.Coding\libzmq-master\src\mechanism.hpp">
      <Filter>Header Files</Filter>
    </ClInclude>
    <ClInclude Include="E:\4.Coding\libzmq-master\src\mechanism_base.hpp">
      <Filter>Header Files</Filter>
    </ClInclude>
    <ClInclude Include="E:\4.Coding\libzmq-master\src\metadata.hpp">
      <Filter>Header Files</Filter>
    </ClInclude>
    <ClInclude Include="E:\4.Coding\libzmq-master\src\msg.hpp">
      <Filter>Header Files</Filter>
    </ClInclude>
    <ClInclude Include="E:\4.Coding\libzmq-master\src\mtrie.hpp">
      <Filter>Header Files</Filter>
    </ClInclude>
    <ClInclude Include="E:\4.Coding\libzmq-master\src\mutex.hpp">
      <Filter>Header Files</Filter>
    </ClInclude>
    <ClInclude Include="E:\4.Coding\libzmq-master\src\norm_engine.hpp">
      <Filter>Header Files</Filter>
    </ClInclude>
    <ClInclude Include="E:\4.Coding\libzmq-master\src\null_mechanism.hpp">
      <Filter>Header Files</Filter>
    </ClInclude>
    <ClInclude Include="E:\4.Coding\libzmq-master\src\object.hpp">
      <Filter>Header Files</Filter>
    </ClInclude>
    <ClInclude Include="E:\4.Coding\libzmq-master\src\options.hpp">
      <Filter>Header Files</Filter>
    </ClInclude>
    <ClInclude Include="E:\4.Coding\libzmq-master\src\own.hpp">
      <Filter>Header Files</Filter>
    </ClInclude>
    <ClInclude Include="E:\4.Coding\libzmq-master\src\pair.hpp">
      <Filter>Header Files</Filter>
    </ClInclude>
    <ClInclude Include="E:\4.Coding\libzmq-master\src\peer.hpp">
      <Filter>Header Files</Filter>
    </ClInclude>
    <ClInclude Include="E:\4.Coding\libzmq-master\src\pgm_receiver.hpp">
      <Filter>Header Files</Filter>
    </ClInclude>
    <ClInclude Include="E:\4.Coding\libzmq-master\src\pgm_sender.hpp">
      <Filter>Header Files</Filter>
    </ClInclude>
    <ClInclude Include="E:\4.Coding\libzmq-master\src\pgm_socket.hpp">
      <Filter>Header Files</Filter>
    </ClInclude>
    <ClInclude Include="E:\4.Coding\libzmq-master\src\pipe.hpp">
      <Filter>Header Files</Filter>
    </ClInclude>
    <ClInclude Include="E:\4.Coding\libzmq-master\src\plain_client.hpp">
      <Filter>Header Files</Filter>
    </ClInclude>
    <ClInclude Include="E:\4.Coding\libzmq-master\src\plain_common.hpp">
      <Filter>Header Files</Filter>
    </ClInclude>
    <ClInclude Include="E:\4.Coding\libzmq-master\src\plain_server.hpp">
      <Filter>Header Files</Filter>
    </ClInclude>
    <ClInclude Include="E:\4.Coding\libzmq-master\src\poll.hpp">
      <Filter>Header Files</Filter>
    </ClInclude>
    <ClInclude Include="E:\4.Coding\libzmq-master\src\poller.hpp">
      <Filter>Header Files</Filter>
    </ClInclude>
    <ClInclude Include="E:\4.Coding\libzmq-master\src\poller_base.hpp">
      <Filter>Header Files</Filter>
    </ClInclude>
    <ClInclude Include="E:\4.Coding\libzmq-master\src\polling_util.hpp">
      <Filter>Header Files</Filter>
    </ClInclude>
    <ClInclude Include="E:\4.Coding\libzmq-master\src\pollset.hpp">
      <Filter>Header Files</Filter>
    </ClInclude>
    <ClInclude Include="E:\4.Coding\libzmq-master\src\precompiled.hpp">
      <Filter>Header Files</Filter>
    </ClInclude>
    <ClInclude Include="E:\4.Coding\libzmq-master\src\proxy.hpp">
      <Filter>Header Files</Filter>
    </ClInclude>
    <ClInclude Include="E:\4.Coding\libzmq-master\src\pub.hpp">
      <Filter>Header Files</Filter>
    </ClInclude>
    <ClInclude Include="E:\4.Coding\libzmq-master\src\pull.hpp">
      <Filter>Header Files</Filter>
    </ClInclude>
    <ClInclude Include="E:\4.Coding\libzmq-master\src\push.hpp">
      <Filter>Header Files</Filter>
    </ClInclude>
    <ClInclude Include="E:\4.Coding\libzmq-master\src\radio.hpp">
      <Filter>Header Files</Filter>
    </ClInclude>
    <ClInclude Include="E:\4.Coding\libzmq-master\src\random.hpp">
      <Filter>Header Files</Filter>
    </ClInclude>
    <ClInclude Include="E:\4.Coding\libzmq-master\src\raw_decoder.hpp">
      <Filter>Header Files</Filter>
    </ClInclude>
    <ClInclude Include="E:\4.Coding\libzmq-master\src\raw_encoder.hpp">
      <Filter>Header Files</Filter>
    </ClInclude>
    <ClInclude Include="E:\4.Coding\libzmq-master\src\raw_engine.hpp">
      <Filter>Header Files</Filter>
    </ClInclude>
    <ClInclude Include="E:\4.Coding\libzmq-master\src\reaper.hpp">
      <Filter>Header Files</Filter>
    </ClInclude>
    <ClInclude Include="E:\4.Coding\libzmq-master\src\rep.hpp">
      <Filter>Header Files</Filter>
    </ClInclude>
    <ClInclude Include="E:\4.Coding\libzmq-master\src\req.hpp">
      <Filter>Header Files</Filter>
    </ClInclude>
    <ClInclude Include="E:\4.Coding\libzmq-master\src\router.hpp">
      <Filter>Header Files</Filter>
    </ClInclude>
    <ClInclude Include="E:\4.Coding\libzmq-master\src\scatter.hpp">
      <Filter>Header Files</Filter>
    </ClInclude>
    <ClInclude Include="E:\4.Coding\libzmq-master\src\secure_allocator.hpp">
      <Filter>Header Files</Filter>
    </ClInclude>
    <ClInclude Include="E:\4.Coding\libzmq-master\src\select.hpp">
      <Filter>Header Files</Filter>
    </ClInclude>
    <ClInclude Include="E:\4.Coding\libzmq-master\src\server.hpp">
      <Filter>Header Files</Filter>
    </ClInclude>
    <ClInclude Include="E:\4.Coding\libzmq-master\src\session_base.hpp">
      <Filter>Header Files</Filter>
    </ClInclude>
    <ClInclude Include="E:\4.Coding\libzmq-master\src\signaler.hpp">
      <Filter>Header Files</Filter>
    </ClInclude>
    <ClInclude Include="E:\4.Coding\libzmq-master\src\socket_base.hpp">
      <Filter>Header Files</Filter>
    </ClInclude>
    <ClInclude Include="E:\4.Coding\libzmq-master\src\socket_poller.hpp">
      <Filter>Header Files</Filter>
    </ClInclude>
    <ClInclude Include="E:\4.Coding\libzmq-master\src\socks.hpp">
      <Filter>Header Files</Filter>
    </ClInclude>
    <ClInclude Include="E:\4.Coding\libzmq-master\src\socks_connecter.hpp">
      <Filter>Header Files</Filter>
    </ClInclude>
    <ClInclude Include="E:\4.Coding\libzmq-master\src\stdint.hpp">
      <Filter>Header Files</Filter>
    </ClInclude>
    <ClInclude Include="E:\4.Coding\libzmq-master\src\stream.hpp">
      <Filter>Header Files</Filter>
    </ClInclude>
    <ClInclude Include="E:\4.Coding\libzmq-master\src\stream_engine_base.hpp">
      <Filter>Header Files</Filter>
    </ClInclude>
    <ClInclude Include="E:\4.Coding\libzmq-master\src\stream_connecter_base.hpp">
      <Filter>Header Files</Filter>
    </ClInclude>
    <ClInclude Include="E:\4.Coding\libzmq-master\src\stream_listener_base.hpp">
      <Filter>Header Files</Filter>
    </ClInclude>
    <ClInclude Include="E:\4.Coding\libzmq-master\src\sub.hpp">
      <Filter>Header Files</Filter>
    </ClInclude>
    <ClInclude Include="E:\4.Coding\libzmq-master\src\tcp.hpp">
      <Filter>Header Files</Filter>
    </ClInclude>
    <ClInclude Include="E:\4.Coding\libzmq-master\src\tcp_address.hpp">
      <Filter>Header Files</Filter>
    </ClInclude>
    <ClInclude Include="E:\4.Coding\libzmq-master\src\tcp_connecter.hpp">
      <Filter>Header Files</Filter>
    </ClInclude>
    <ClInclude Include="E:\4.Coding\libzmq-master\src\tcp_listener.hpp">
      <Filter>Header Files</Filter>
    </ClInclude>
    <ClInclude Include="E:\4.Coding\libzmq-master\src\thread.hpp">
      <Filter>Header Files</Filter>
    </ClInclude>
    <ClInclude Include="E:\4.Coding\libzmq-master\src\timers.hpp">
      <Filter>Header Files</Filter>
    </ClInclude>
    <ClInclude Include="E:\4.Coding\libzmq-master\src\tipc_address.hpp">
      <Filter>Header Files</Filter>
    </ClInclude>
    <ClInclude Include="E:\4.Coding\libzmq-master\src\tipc_connecter.hpp">
      <Filter>Header Files</Filter>
    </ClInclude>
    <ClInclude Include="E:\4.Coding\libzmq-master\src\tipc_listener.hpp">
      <Filter>Header Files</Filter>
    </ClInclude>
    <ClInclude Include="E:\4.Coding\libzmq-master\src\trie.hpp">
      <Filter>Header Files</Filter>
    </ClInclude>
    <ClInclude Include="E:\4.Coding\libzmq-master\src\udp_address.hpp">
      <Filter>Header Files</Filter>
    </ClInclude>
    <ClInclude Include="E:\4.Coding\libzmq-master\src\udp_engine.hpp">
      <Filter>Header Files</Filter>
    </ClInclude>
    <ClInclude Include="E:\4.Coding\libzmq-master\src\v1_decoder.hpp">
      <Filter>Header Files</Filter>
    </ClInclude>
    <ClInclude Include="E:\4.Coding\libzmq-master\src\v1_encoder.hpp">
      <Filter>Header Files</Filter>
    </ClInclude>
    <ClInclude Include="E:\4.Coding\libzmq-master\src\v2_decoder.hpp">
      <Filter>Header Files</Filter>
    </ClInclude>
    <ClInclude Include="E:\4.Coding\libzmq-master\src\v2_encoder.hpp">
      <Filter>Header Files</Filter>
    </ClInclude>
    <ClInclude Include="E:\4.Coding\libzmq-master\src\v3_1_encoder.hpp">
      <Filter>Header Files</Filter>
    </ClInclude>
    <ClInclude Include="E:\4.Coding\libzmq-master\src\v2_protocol.hpp">
      <Filter>Header Files</Filter>
    </ClInclude>
    <ClInclude Include="E:\4.Coding\libzmq-master\src\vmci.hpp">
      <Filter>Header Files</Filter>
    </ClInclude>
    <ClInclude Include="E:\4.Coding\libzmq-master\src\vmci_address.hpp">
      <Filter>Header Files</Filter>
    </ClInclude>
    <ClInclude Include="E:\4.Coding\libzmq-master\src\vmci_connecter.hpp">
      <Filter>Header Files</Filter>
    </ClInclude>
    <ClInclude Include="E:\4.Coding\libzmq-master\src\vmci_listener.hpp">
      <Filter>Header Files</Filter>
    </ClInclude>
    <ClInclude Include="E:\4.Coding\libzmq-master\src\windows.hpp">
      <Filter>Header Files</Filter>
    </ClInclude>
    <ClInclude Include="E:\4.Coding\libzmq-master\src\wire.hpp">
      <Filter>Header Files</Filter>
    </ClInclude>
    <ClInclude Include="E:\4.Coding\libzmq-master\src\xpub.hpp">
      <Filter>Header Files</Filter>
    </ClInclude>
    <ClInclude Include="E:\4.Coding\libzmq-master\src\xsub.hpp">
      <Filter>Header Files</Filter>
    </ClInclude>
    <ClInclude Include="E:\4.Coding\libzmq-master\src\ypipe.hpp">
      <Filter>Header Files</Filter>
    </ClInclude>
    <ClInclude Include="E:\4.Coding\libzmq-master\src\ypipe_base.hpp">
      <Filter>Header Files</Filter>
    </ClInclude>
    <ClInclude Include="E:\4.Coding\libzmq-master\src\ypipe_conflate.hpp">
      <Filter>Header Files</Filter>
    </ClInclude>
    <ClInclude Include="E:\4.Coding\libzmq-master\src\yqueue.hpp">
      <Filter>Header Files</Filter>
    </ClInclude>
    <ClInclude Include="E:\4.Coding\libzmq-master\src\zap_client.hpp">
      <Filter>Header Files</Filter>
    </ClInclude>
    <ClInclude Include="E:\4.Coding\libzmq-master\src\zmtp_engine.hpp">
      <Filter>Header Files</Filter>
    </ClInclude>
    <ClInclude Include="E:\4.Coding\libzmq-master\build-vc\platform.hpp">
      <Filter>Header Files</Filter>
    </ClInclude>
    <ClInclude Include="E:\4.Coding\libzmq-master\include\zmq.h">
      <Filter>Header Files</Filter>
    </ClInclude>
    <ClInclude Include="E:\4.Coding\libzmq-master\include\zmq_utils.h">
      <Filter>Header Files</Filter>
    </ClInclude>
    <ClInclude Include="E:\4.Coding\libzmq-master\build-vc\NSIS.template.in">
      <Filter>Header Files</Filter>
    </ClInclude>
  </ItemGroup>
  <ItemGroup>
    <CustomBuild Include="E:\4.Coding\libzmq-master\build-vc\CMakeFiles\113a03bff62ae70e13533431c0975c8d\NSIS.template.in.rule">
      <Filter>CMake Rules</Filter>
    </CustomBuild>
    <CustomBuild Include="E:\4.Coding\libzmq-master\CMakeLists.txt" />
  </ItemGroup>
  <ItemGroup>
    <None Include="E:\4.Coding\libzmq-master\AUTHORS" />
    <None Include="E:\4.Coding\libzmq-master\COPYING" />
    <None Include="E:\4.Coding\libzmq-master\COPYING.LESSER" />
    <None Include="E:\4.Coding\libzmq-master\NEWS" />
  </ItemGroup>
  <ItemGroup>
    <ResourceCompile Include="E:\4.Coding\libzmq-master\build-vc\version.rc">
      <Filter>Source Files</Filter>
    </ResourceCompile>
  </ItemGroup>
  <ItemGroup>
    <Filter Include="CMake Rules">
      <UniqueIdentifier>{191DCC99-D0BF-3BF5-914A-1E4A9EE5FC0B}</UniqueIdentifier>
    </Filter>
    <Filter Include="Header Files">
      <UniqueIdentifier>{F4A13902-4816-3539-8EB1-48544F148145}</UniqueIdentifier>
    </Filter>
    <Filter Include="Source Files">
      <UniqueIdentifier>{E5310094-59A0-36D9-97DE-8F2499A186E6}</UniqueIdentifier>
    </Filter>
  </ItemGroup>
</Project>
